
Microsoft Visual Studio Solution File, Format Version 12.00
# Visual Studio Version 16
VisualStudioVersion = 16.0.29001.49
MinimumVisualStudioVersion = 10.0.40219.1
Project("{FAE04EC0-301F-11D3-BF4B-00C04F79EFBC}") = "Sistema.Entidades", "Sistema.Entidades\Sistema.Entidades.csproj", "{7282AB67-BCCF-4E5F-81E0-97D617A7C6E8}"
EndProject
Project("{FAE04EC0-301F-11D3-BF4B-00C04F79EFBC}") = "Sistema.Datos", "Sistema.Datos\Sistema.Datos.csproj", "{910DC81B-EACB-43C0-B2A4-F33FE01D112D}"
EndProject
Project("{FAE04EC0-301F-11D3-BF4B-00C04F79EFBC}") = "Sistema.Web", "Sistema.Web\Sistema.Web.csproj", "{C69A3E27-5A92-44D3-97D3-C64C1E004FF2}"
EndProject
Global
	GlobalSection(SolutionConfigurationPlatforms) = preSolution
		Debug|Any CPU = Debug|Any CPU
		Debug|x64 = Debug|x64
		Debug|x86 = Debug|x86
		Release|Any CPU = Release|Any CPU
		Release|x64 = Release|x64
		Release|x86 = Release|x86
	EndGlobalSection
	GlobalSection(ProjectConfigurationPlatforms) = postSolution
		{7282AB67-BCCF-4E5F-81E0-97D617A7C6E8}.Debug|Any CPU.ActiveCfg = Debug|Any CPU
		{7282AB67-BCCF-4E5F-81E0-97D617A7C6E8}.Debug|Any CPU.Build.0 = Debug|Any CPU
		{7282AB67-BCCF-4E5F-81E0-97D617A7C6E8}.Debug|x64.ActiveCfg = Debug|Any CPU
		{7282AB67-BCCF-4E5F-81E0-97D617A7C6E8}.Debug|x64.Build.0 = Debug|Any CPU
		{7282AB67-BCCF-4E5F-81E0-97D617A7C6E8}.Debug|x86.ActiveCfg = Debug|Any CPU
		{7282AB67-BCCF-4E5F-81E0-97D617A7C6E8}.Debug|x86.Build.0 = Debug|Any CPU
		{7282AB67-BCCF-4E5F-81E0-97D617A7C6E8}.Release|Any CPU.ActiveCfg = Release|Any CPU
		{7282AB67-BCCF-4E5F-81E0-97D617A7C6E8}.Release|Any CPU.Build.0 = Release|Any CPU
		{7282AB67-BCCF-4E5F-81E0-97D617A7C6E8}.Release|x64.ActiveCfg = Release|Any CPU
		{7282AB67-BCCF-4E5F-81E0-97D617A7C6E8}.Release|x64.Build.0 = Release|Any CPU
		{7282AB67-BCCF-4E5F-81E0-97D617A7C6E8}.Release|x86.ActiveCfg = Release|Any CPU
		{7282AB67-BCCF-4E5F-81E0-97D617A7C6E8}.Release|x86.Build.0 = Release|Any CPU
		{910DC81B-EACB-43C0-B2A4-F33FE01D112D}.Debug|Any CPU.ActiveCfg = Debug|Any CPU
		{910DC81B-EACB-43C0-B2A4-F33FE01D112D}.Debug|Any CPU.Build.0 = Debug|Any CPU
		{910DC81B-EACB-43C0-B2A4-F33FE01D112D}.Debug|x64.ActiveCfg = Debug|Any CPU
		{910DC81B-EACB-43C0-B2A4-F33FE01D112D}.Debug|x64.Build.0 = Debug|Any CPU
		{910DC81B-EACB-43C0-B2A4-F33FE01D112D}.Debug|x86.ActiveCfg = Debug|Any CPU
		{910DC81B-EACB-43C0-B2A4-F33FE01D112D}.Debug|x86.Build.0 = Debug|Any CPU
		{910DC81B-EACB-43C0-B2A4-F33FE01D112D}.Release|Any CPU.ActiveCfg = Release|Any CPU
		{910DC81B-EACB-43C0-B2A4-F33FE01D112D}.Release|Any CPU.Build.0 = Release|Any CPU
		{910DC81B-EACB-43C0-B2A4-F33FE01D112D}.Release|x64.ActiveCfg = Release|Any CPU
		{910DC81B-EACB-43C0-B2A4-F33FE01D112D}.Release|x64.Build.0 = Release|Any CPU
		{910DC81B-EACB-43C0-B2A4-F33FE01D112D}.Release|x86.ActiveCfg = Release|Any CPU
		{910DC81B-EACB-43C0-B2A4-F33FE01D112D}.Release|x86.Build.0 = Release|Any CPU
		{C69A3E27-5A92-44D3-97D3-C64C1E004FF2}.Debug|Any CPU.ActiveCfg = Debug|Any CPU
		{C69A3E27-5A92-44D3-97D3-C64C1E004FF2}.Debug|Any CPU.Build.0 = Debug|Any CPU
		{C69A3E27-5A92-44D3-97D3-C64C1E004FF2}.Debug|x64.ActiveCfg = Debug|Any CPU
		{C69A3E27-5A92-44D3-97D3-C64C1E004FF2}.Debug|x64.Build.0 = Debug|Any CPU
		{C69A3E27-5A92-44D3-97D3-C64C1E004FF2}.Debug|x86.ActiveCfg = Debug|Any CPU
		{C69A3E27-5A92-44D3-97D3-C64C1E004FF2}.Debug|x86.Build.0 = Debug|Any CPU
		{C69A3E27-5A92-44D3-97D3-C64C1E004FF2}.Release|Any CPU.ActiveCfg = Release|Any CPU
		{C69A3E27-5A92-44D3-97D3-C64C1E004FF2}.Release|Any CPU.Build.0 = Release|Any CPU
		{C69A3E27-5A92-44D3-97D3-C64C1E004FF2}.Release|x64.ActiveCfg = Release|Any CPU
		{C69A3E27-5A92-44D3-97D3-C64C1E004FF2}.Release|x64.Build.0 = Release|Any CPU
		{C69A3E27-5A92-44D3-97D3-C64C1E004FF2}.Release|x86.ActiveCfg = Release|Any CPU
		{C69A3E27-5A92-44D3-97D3-C64C1E004FF2}.Release|x86.Build.0 = Release|Any CPU
	EndGlobalSection
	GlobalSection(SolutionProperties) = preSolution
		HideSolutionNode = FALSE
	EndGlobalSection
	GlobalSection(ExtensibilityGlobals) = postSolution
		SolutionGuid = {66CDA343-4BCC-4029-8F43-1742BFE32CE4}
	EndGlobalSection
EndGlobal
